// !$*UTF8*$!
{
	archiveVersion = 1;
	classes = {
	};
	objectVersion = 50;
	objects = {

/* Begin PBXBuildFile section */
		CEB1B57F249740E4004C0968 /* AppDelegate.swift in Sources */ = {isa = PBXBuildFile; fileRef = CEB1B57E249740E4004C0968 /* AppDelegate.swift */; };
		CEB1B581249740E4004C0968 /* SceneDelegate.swift in Sources */ = {isa = PBXBuildFile; fileRef = CEB1B580249740E4004C0968 /* SceneDelegate.swift */; };
		CEB1B583249740E4004C0968 /* ViewController.swift in Sources */ = {isa = PBXBuildFile; fileRef = CEB1B582249740E4004C0968 /* ViewController.swift */; };
		CEB1B586249740E4004C0968 /* Main.storyboard in Resources */ = {isa = PBXBuildFile; fileRef = CEB1B584249740E4004C0968 /* Main.storyboard */; };
		CEB1B588249740E7004C0968 /* Assets.xcassets in Resources */ = {isa = PBXBuildFile; fileRef = CEB1B587249740E7004C0968 /* Assets.xcassets */; };
		CEB1B58B249740E7004C0968 /* LaunchScreen.storyboard in Resources */ = {isa = PBXBuildFile; fileRef = CEB1B589249740E7004C0968 /* LaunchScreen.storyboard */; };
		CEB1B59324976ABB004C0968 /* FirstGreenViewController.swift in Sources */ = {isa = PBXBuildFile; fileRef = CEB1B59224976ABB004C0968 /* FirstGreenViewController.swift */; };
		CEB1B59524976FD9004C0968 /* FirstBlueViewController.swift in Sources */ = {isa = PBXBuildFile; fileRef = CEB1B59424976FD9004C0968 /* FirstBlueViewController.swift */; };
		CEB1B5972497741B004C0968 /* SecondSetColorViewController.swift in Sources */ = {isa = PBXBuildFile; fileRef = CEB1B5962497741B004C0968 /* SecondSetColorViewController.swift */; };
		CEB1B5992497747D004C0968 /* SecondColorViewController.swift in Sources */ = {isa = PBXBuildFile; fileRef = CEB1B5982497747D004C0968 /* SecondColorViewController.swift */; };
		CEB1B59B249A1E1E004C0968 /* ThreeColorViewController.swift in Sources */ = {isa = PBXBuildFile; fileRef = CEB1B59A249A1E1E004C0968 /* ThreeColorViewController.swift */; };
		CEB1B59D249A1E5D004C0968 /* ThreeSetColorViewController.swift in Sources */ = {isa = PBXBuildFile; fileRef = CEB1B59C249A1E5D004C0968 /* ThreeSetColorViewController.swift */; };
/* End PBXBuildFile section */

/* Begin PBXFileReference section */
		CEB1B57B249740E4004C0968 /* ios7.7.UITabBarController.app */ = {isa = PBXFileReference; explicitFileType = wrapper.application; includeInIndex = 0; path = ios7.7.UITabBarController.app; sourceTree = BUILT_PRODUCTS_DIR; };
		CEB1B57E249740E4004C0968 /* AppDelegate.swift */ = {isa = PBXFileReference; lastKnownFileType = sourcecode.swift; path = AppDelegate.swift; sourceTree = "<group>"; };
		CEB1B580249740E4004C0968 /* SceneDelegate.swift */ = {isa = PBXFileReference; lastKnownFileType = sourcecode.swift; path = SceneDelegate.swift; sourceTree = "<group>"; };
		CEB1B582249740E4004C0968 /* ViewController.swift */ = {isa = PBXFileReference; lastKnownFileType = sourcecode.swift; path = ViewController.swift; sourceTree = "<group>"; };
		CEB1B585249740E4004C0968 /* Base */ = {isa = PBXFileReference; lastKnownFileType = file.storyboard; name = Base; path = Base.lproj/Main.storyboard; sourceTree = "<group>"; };
		CEB1B587249740E7004C0968 /* Assets.xcassets */ = {isa = PBXFileReference; lastKnownFileType = folder.assetcatalog; path = Assets.xcassets; sourceTree = "<group>"; };
		CEB1B58A249740E7004C0968 /* Base */ = {isa = PBXFileReference; lastKnownFileType = file.storyboard; name = Base; path = Base.lproj/LaunchScreen.storyboard; sourceTree = "<group>"; };
		CEB1B58C249740E7004C0968 /* Info.plist */ = {isa = PBXFileReference; lastKnownFileType = text.plist.xml; path = Info.plist; sourceTree = "<group>"; };
		CEB1B59224976ABB004C0968 /* FirstGreenViewController.swift */ = {isa = PBXFileReference; lastKnownFileType = sourcecode.swift; path = FirstGreenViewController.swift; sourceTree = "<group>"; };
		CEB1B59424976FD9004C0968 /* FirstBlueViewController.swift */ = {isa = PBXFileReference; lastKnownFileType = sourcecode.swift; path = FirstBlueViewController.swift; sourceTree = "<group>"; };
		CEB1B5962497741B004C0968 /* SecondSetColorViewController.swift */ = {isa = PBXFileReference; lastKnownFileType = sourcecode.swift; path = SecondSetColorViewController.swift; sourceTree = "<group>"; };
		CEB1B5982497747D004C0968 /* SecondColorViewController.swift */ = {isa = PBXFileReference; lastKnownFileType = sourcecode.swift; path = SecondColorViewController.swift; sourceTree = "<group>"; };
		CEB1B59A249A1E1E004C0968 /* ThreeColorViewController.swift */ = {isa = PBXFileReference; lastKnownFileType = sourcecode.swift; path = ThreeColorViewController.swift; sourceTree = "<group>"; };
		CEB1B59C249A1E5D004C0968 /* ThreeSetColorViewController.swift */ = {isa = PBXFileReference; lastKnownFileType = sourcecode.swift; path = ThreeSetColorViewController.swift; sourceTree = "<group>"; };
/* End PBXFileReference section */

/* Begin PBXFrameworksBuildPhase section */
		CEB1B578249740E4004C0968 /* Frameworks */ = {
			isa = PBXFrameworksBuildPhase;
			buildActionMask = 2147483647;
			files = (
			);
			runOnlyForDeploymentPostprocessing = 0;
		};
/* End PBXFrameworksBuildPhase section */

/* Begin PBXGroup section */
		CEB1B572249740E4004C0968 = {
			isa = PBXGroup;
			children = (
				CEB1B57D249740E4004C0968 /* ios7.7.UITabBarController */,
				CEB1B57C249740E4004C0968 /* Products */,
			);
			sourceTree = "<group>";
		};
		CEB1B57C249740E4004C0968 /* Products */ = {
			isa = PBXGroup;
			children = (
				CEB1B57B249740E4004C0968 /* ios7.7.UITabBarController.app */,
			);
			name = Products;
			sourceTree = "<group>";
		};
		CEB1B57D249740E4004C0968 /* ios7.7.UITabBarController */ = {
			isa = PBXGroup;
			children = (
				CEB1B57E249740E4004C0968 /* AppDelegate.swift */,
				CEB1B580249740E4004C0968 /* SceneDelegate.swift */,
				CEB1B582249740E4004C0968 /* ViewController.swift */,
				CEB1B584249740E4004C0968 /* Main.storyboard */,
				CEB1B587249740E7004C0968 /* Assets.xcassets */,
				CEB1B589249740E7004C0968 /* LaunchScreen.storyboard */,
				CEB1B58C249740E7004C0968 /* Info.plist */,
				CEB1B59224976ABB004C0968 /* FirstGreenViewController.swift */,
				CEB1B59424976FD9004C0968 /* FirstBlueViewController.swift */,
				CEB1B5982497747D004C0968 /* SecondColorViewController.swift */,
				CEB1B5962497741B004C0968 /* SecondSetColorViewController.swift */,
				CEB1B59A249A1E1E004C0968 /* ThreeColorViewController.swift */,
				CEB1B59C249A1E5D004C0968 /* ThreeSetColorViewController.swift */,
			);
			path = ios7.7.UITabBarController;
			sourceTree = "<group>";
		};
/* End PBXGroup section */

/* Begin PBXNativeTarget section */
		CEB1B57A249740E4004C0968 /* ios7.7.UITabBarController */ = {
			isa = PBXNativeTarget;
			buildConfigurationList = CEB1B58F249740E7004C0968 /* Build configuration list for PBXNativeTarget "ios7.7.UITabBarController" */;
			buildPhases = (
				CEB1B577249740E4004C0968 /* Sources */,
				CEB1B578249740E4004C0968 /* Frameworks */,
				CEB1B579249740E4004C0968 /* Resources */,
			);
			buildRules = (
			);
			dependencies = (
			);
			name = ios7.7.UITabBarController;
			productName = ios7.7.UITabBarController;
			productReference = CEB1B57B249740E4004C0968 /* ios7.7.UITabBarController.app */;
			productType = "com.apple.product-type.application";
		};
/* End PBXNativeTarget section */

/* Begin PBXProject section */
		CEB1B573249740E4004C0968 /* Project object */ = {
			isa = PBXProject;
			attributes = {
				LastSwiftUpdateCheck = 1140;
				LastUpgradeCheck = 1140;
				ORGANIZATIONNAME = user;
				TargetAttributes = {
					CEB1B57A249740E4004C0968 = {
						CreatedOnToolsVersion = 11.4.1;
					};
				};
			};
			buildConfigurationList = CEB1B576249740E4004C0968 /* Build configuration list for PBXProject "ios7.7.UITabBarController" */;
			compatibilityVersion = "Xcode 9.3";
			developmentRegion = en;
			hasScannedForEncodings = 0;
			knownRegions = (
				en,
				Base,
			);
			mainGroup = CEB1B572249740E4004C0968;
			productRefGroup = CEB1B57C249740E4004C0968 /* Products */;
			projectDirPath = "";
			projectRoot = "";
			targets = (
				CEB1B57A249740E4004C0968 /* ios7.7.UITabBarController */,
			);
		};
/* End PBXProject section */

/* Begin PBXResourcesBuildPhase section */
		CEB1B579249740E4004C0968 /* Resources */ = {
			isa = PBXResourcesBuildPhase;
			buildActionMask = 2147483647;
			files = (
				CEB1B58B249740E7004C0968 /* LaunchScreen.storyboard in Resources */,
				CEB1B588249740E7004C0968 /* Assets.xcassets in Resources */,
				CEB1B586249740E4004C0968 /* Main.storyboard in Resources */,
			);
			runOnlyForDeploymentPostprocessing = 0;
		};
/* End PBXResourcesBuildPhase section */

/* Begin PBXSourcesBuildPhase section */
		CEB1B577249740E4004C0968 /* Sources */ = {
			isa = PBXSourcesBuildPhase;
			buildActionMask = 2147483647;
			files = (
				CEB1B59324976ABB004C0968 /* FirstGreenViewController.swift in Sources */,
				CEB1B59D249A1E5D004C0968 /* ThreeSetColorViewController.swift in Sources */,
				CEB1B583249740E4004C0968 /* ViewController.swift in Sources */,
				CEB1B57F249740E4004C0968 /* AppDelegate.swift in Sources */,
				CEB1B59524976FD9004C0968 /* FirstBlueViewController.swift in Sources */,
				CEB1B5992497747D004C0968 /* SecondColorViewController.swift in Sources */,
				CEB1B5972497741B004C0968 /* SecondSetColorViewController.swift in Sources */,
				CEB1B581249740E4004C0968 /* SceneDelegate.swift in Sources */,
				CEB1B59B249A1E1E004C0968 /* ThreeColorViewController.swift in Sources */,
			);
			runOnlyForDeploymentPostprocessing = 0;
		};
/* End PBXSourcesBuildPhase section */

/* Begin PBXVariantGroup section */
		CEB1B584249740E4004C0968 /* Main.storyboard */ = {
			isa = PBXVariantGroup;
			children = (
				CEB1B585249740E4004C0968 /* Base */,
			);
			name = Main.storyboard;
			sourceTree = "<group>";
		};
		CEB1B589249740E7004C0968 /* LaunchScreen.storyboard */ = {
			isa = PBXVariantGroup;
			children = (
				CEB1B58A249740E7004C0968 /* Base */,
			);
			name = LaunchScreen.storyboard;
			sourceTree = "<group>";
		};
/* End PBXVariantGroup section */

/* Begin XCBuildConfiguration section */
		CEB1B58D249740E7004C0968 /* Debug */ = {
			isa = XCBuildConfiguration;
			buildSettings = {
				ALWAYS_SEARCH_USER_PATHS = NO;
				CLANG_ANALYZER_NONNULL = YES;
				CLANG_ANALYZER_NUMBER_OBJECT_CONVERSION = YES_AGGRESSIVE;
				CLANG_CXX_LANGUAGE_STANDARD = "gnu++14";
				CLANG_CXX_LIBRARY = "libc++";
				CLANG_ENABLE_MODULES = YES;
				CLANG_ENABLE_OBJC_ARC = YES;
				CLANG_ENABLE_OBJC_WEAK = YES;
				CLANG_WARN_BLOCK_CAPTURE_AUTORELEASING = YES;
				CLANG_WARN_BOOL_CONVERSION = YES;
				CLANG_WARN_COMMA = YES;
				CLANG_WARN_CONSTANT_CONVERSION = YES;
				CLANG_WARN_DEPRECATED_OBJC_IMPLEMENTATIONS = YES;
				CLANG_WARN_DIRECT_OBJC_ISA_USAGE = YES_ERROR;
				CLANG_WARN_DOCUMENTATION_COMMENTS = YES;
				CLANG_WARN_EMPTY_BODY = YES;
				CLANG_WARN_ENUM_CONVERSION = YES;
				CLANG_WARN_INFINITE_RECURSION = YES;
				CLANG_WARN_INT_CONVERSION = YES;
				CLANG_WARN_NON_LITERAL_NULL_CONVERSION = YES;
				CLANG_WARN_OBJC_IMPLICIT_RETAIN_SELF = YES;
				CLANG_WARN_OBJC_LITERAL_CONVERSION = YES;
				CLANG_WARN_OBJC_ROOT_CLASS = YES_ERROR;
				CLANG_WARN_RANGE_LOOP_ANALYSIS = YES;
				CLANG_WARN_STRICT_PROTOTYPES = YES;
				CLANG_WARN_SUSPICIOUS_MOVE = YES;
				CLANG_WARN_UNGUARDED_AVAILABILITY = YES_AGGRESSIVE;
				CLANG_WARN_UNREACHABLE_CODE = YES;
				CLANG_WARN__DUPLICATE_METHOD_MATCH = YES;
				COPY_PHASE_STRIP = NO;
				DEBUG_INFORMATION_FORMAT = dwarf;
				ENABLE_STRICT_OBJC_MSGSEND = YES;
				ENABLE_TESTABILITY = YES;
				GCC_C_LANGUAGE_STANDARD = gnu11;
				GCC_DYNAMIC_NO_PIC = NO;
				GCC_NO_COMMON_BLOCKS = YES;
				GCC_OPTIMIZATION_LEVEL = 0;
				GCC_PREPROCESSOR_DEFINITIONS = (
					"DEBUG=1",
					"$(inherited)",
				);
				GCC_WARN_64_TO_32_BIT_CONVERSION = YES;
				GCC_WARN_ABOUT_RETURN_TYPE = YES_ERROR;
				GCC_WARN_UNDECLARED_SELECTOR = YES;
				GCC_WARN_UNINITIALIZED_AUTOS = YES_AGGRESSIVE;
				GCC_WARN_UNUSED_FUNCTION = YES;
				GCC_WARN_UNUSED_VARIABLE = YES;
				IPHONEOS_DEPLOYMENT_TARGET = 13.4;
				MTL_ENABLE_DEBUG_INFO = INCLUDE_SOURCE;
				MTL_FAST_MATH = YES;
				ONLY_ACTIVE_ARCH = YES;
				SDKROOT = iphoneos;
				SWIFT_ACTIVE_COMPILATION_CONDITIONS = DEBUG;
				SWIFT_OPTIMIZATION_LEVEL = "-Onone";
			};
			name = Debug;
		};
		CEB1B58E249740E7004C0968 /* Release */ = {
			isa = XCBuildConfiguration;
			buildSettings = {
				ALWAYS_SEARCH_USER_PATHS = NO;
				CLANG_ANALYZER_NONNULL = YES;
				CLANG_ANALYZER_NUMBER_OBJECT_CONVERSION = YES_AGGRESSIVE;
				CLANG_CXX_LANGUAGE_STANDARD = "gnu++14";
				CLANG_CXX_LIBRARY = "libc++";
				CLANG_ENABLE_MODULES = YES;
				CLANG_ENABLE_OBJC_ARC = YES;
				CLANG_ENABLE_OBJC_WEAK = YES;
				CLANG_WARN_BLOCK_CAPTURE_AUTORELEASING = YES;
				CLANG_WARN_BOOL_CONVERSION = YES;
				CLANG_WARN_COMMA = YES;
				CLANG_WARN_CONSTANT_CONVERSION = YES;
				CLANG_WARN_DEPRECATED_OBJC_IMPLEMENTATIONS = YES;
				CLANG_WARN_DIRECT_OBJC_ISA_USAGE = YES_ERROR;
				CLANG_WARN_DOCUMENTATION_COMMENTS = YES;
				CLANG_WARN_EMPTY_BODY = YES;
				CLANG_WARN_ENUM_CONVERSION = YES;
				CLANG_WARN_INFINITE_RECURSION = YES;
				CLANG_WARN_INT_CONVERSION = YES;
				CLANG_WARN_NON_LITERAL_NULL_CONVERSION = YES;
				CLANG_WARN_OBJC_IMPLICIT_RETAIN_SELF = YES;
				CLANG_WARN_OBJC_LITERAL_CONVERSION = YES;
				CLANG_WARN_OBJC_ROOT_CLASS = YES_ERROR;
				CLANG_WARN_RANGE_LOOP_ANALYSIS = YES;
				CLANG_WARN_STRICT_PROTOTYPES = YES;
				CLANG_WARN_SUSPICIOUS_MOVE = YES;
				CLANG_WARN_UNGUARDED_AVAILABILITY = YES_AGGRESSIVE;
				CLANG_WARN_UNREACHABLE_CODE = YES;
				CLANG_WARN__DUPLICATE_METHOD_MATCH = YES;
				COPY_PHASE_STRIP = NO;
				DEBUG_INFORMATION_FORMAT = "dwarf-with-dsym";
				ENABLE_NS_ASSERTIONS = NO;
				ENABLE_STRICT_OBJC_MSGSEND = YES;
				GCC_C_LANGUAGE_STANDARD = gnu11;
				GCC_NO_COMMON_BLOCKS = YES;
				GCC_WARN_64_TO_32_BIT_CONVERSION = YES;
				GCC_WARN_ABOUT_RETURN_TYPE = YES_ERROR;
				GCC_WARN_UNDECLARED_SELECTOR = YES;
				GCC_WARN_UNINITIALIZED_AUTOS = YES_AGGRESSIVE;
				GCC_WARN_UNUSED_FUNCTION = YES;
				GCC_WARN_UNUSED_VARIABLE = YES;
				IPHONEOS_DEPLOYMENT_TARGET = 13.4;
				MTL_ENABLE_DEBUG_INFO = NO;
				MTL_FAST_MATH = YES;
				SDKROOT = iphoneos;
				SWIFT_COMPILATION_MODE = wholemodule;
				SWIFT_OPTIMIZATION_LEVEL = "-O";
				VALIDATE_PRODUCT = YES;
			};
			name = Release;
		};
		CEB1B590249740E7004C0968 /* Debug */ = {
			isa = XCBuildConfiguration;
			buildSettings = {
				ASSETCATALOG_COMPILER_APPICON_NAME = AppIcon;
				CODE_SIGN_STYLE = Automatic;
				DEVELOPMENT_TEAM = 7Z2C4VQ9RF;
				INFOPLIST_FILE = ios7.7.UITabBarController/Info.plist;
				LD_RUNPATH_SEARCH_PATHS = (
					"$(inherited)",
					"@executable_path/Frameworks",
				);
				PRODUCT_BUNDLE_IDENTIFIER = "user.ios7-7-UITabBarController";
				PRODUCT_NAME = "$(TARGET_NAME)";
				SWIFT_VERSION = 5.0;
				TARGETED_DEVICE_FAMILY = "1,2";
			};
			name = Debug;
		};
		CEB1B591249740E7004C0968 /* Release */ = {
			isa = XCBuildConfiguration;
			buildSettings = {
				ASSETCATALOG_COMPILER_APPICON_NAME = AppIcon;
				CODE_SIGN_STYLE = Automatic;
				DEVELOPMENT_TEAM = 7Z2C4VQ9RF;
				INFOPLIST_FILE = ios7.7.UITabBarController/Info.plist;
				LD_RUNPATH_SEARCH_PATHS = (
					"$(inherited)",
					"@executable_path/Frameworks",
				);
				PRODUCT_BUNDLE_IDENTIFIER = "user.ios7-7-UITabBarController";
				PRODUCT_NAME = "$(TARGET_NAME)";
				SWIFT_VERSION = 5.0;
				TARGETED_DEVICE_FAMILY = "1,2";
			};
			name = Release;
		};
/* End XCBuildConfiguration section */

/* Begin XCConfigurationList section */
		CEB1B576249740E4004C0968 /* Build configuration list for PBXProject "ios7.7.UITabBarController" */ = {
			isa = XCConfigurationList;
			buildConfigurations = (
				CEB1B58D249740E7004C0968 /* Debug */,
				CEB1B58E249740E7004C0968 /* Release */,
			);
			defaultConfigurationIsVisible = 0;
			defaultConfigurationName = Release;
		};
		CEB1B58F249740E7004C0968 /* Build configuration list for PBXNativeTarget "ios7.7.UITabBarController" */ = {
			isa = XCConfigurationList;
			buildConfigurations = (
				CEB1B590249740E7004C0968 /* Debug */,
				CEB1B591249740E7004C0968 /* Release */,
			);
			defaultConfigurationIsVisible = 0;
			defaultConfigurationName = Release;
		};
/* End XCConfigurationList section */
	};
	rootObject = CEB1B573249740E4004C0968 /* Project object */;
}
